Microsoft Visual Studio Solution File, Format Version 12.00
# Visual Studio Version 17
VisualStudioVersion = 17.0.32014.148
MinimumVisualStudioVersion = 10.0.40219.1
Project("{9A19103F-16F7-4668-BE54-9A1E7A4F7556}") = "OnlineGradeApplication-API", "OnlineGradeApplication-API\OnlineGradeApplication-API.csproj", "{A589093C-9D4D-4376-9339-A953DD84E76E}"
EndProject
Project("{9A19103F-16F7-4668-BE54-9A1E7A4F7556}") = "OnlineGradeApplication-DAL", "OnlineGradeApplication-DAL\OnlineGradeApplication-DAL.csproj", "{B6C6EE37-EB82-46CE-A27A-DB26783BDA98}"
EndProject
Project("{9A19103F-16F7-4668-BE54-9A1E7A4F7556}") = "OnlineGradeApplication-BLL", "OnlineGradeApplication-BLL\OnlineGradeApplication-BLL.csproj", "{8F6A3404-F5F8-46CE-8373-7E7027BF669F}"
EndProject
Project("{FAE04EC0-301F-11D3-BF4B-00C04F79EFBC}") = "OnlineGradeApplication-XUnit", "OnlineGradeApplication-XUnit\OnlineGradeApplication-XUnit.csproj", "{A5538633-F090-489D-9002-EAF8175AF816}"
EndProject
Global
	GlobalSection(SolutionConfigurationPlatforms) = preSolution
		Debug|Any CPU = Debug|Any CPU
		Release|Any CPU = Release|Any CPU
	EndGlobalSection
	GlobalSection(ProjectConfigurationPlatforms) = postSolution
		{A589093C-9D4D-4376-9339-A953DD84E76E}.Debug|Any CPU.ActiveCfg = Debug|Any CPU
		{A589093C-9D4D-4376-9339-A953DD84E76E}.Debug|Any CPU.Build.0 = Debug|Any CPU
		{A589093C-9D4D-4376-9339-A953DD84E76E}.Release|Any CPU.ActiveCfg = Release|Any CPU
		{A589093C-9D4D-4376-9339-A953DD84E76E}.Release|Any CPU.Build.0 = Release|Any CPU
		{B6C6EE37-EB82-46CE-A27A-DB26783BDA98}.Debug|Any CPU.ActiveCfg = Debug|Any CPU
		{B6C6EE37-EB82-46CE-A27A-DB26783BDA98}.Debug|Any CPU.Build.0 = Debug|Any CPU
		{B6C6EE37-EB82-46CE-A27A-DB26783BDA98}.Release|Any CPU.ActiveCfg = Release|Any CPU
		{B6C6EE37-EB82-46CE-A27A-DB26783BDA98}.Release|Any CPU.Build.0 = Release|Any CPU
		{8F6A3404-F5F8-46CE-8373-7E7027BF669F}.Debug|Any CPU.ActiveCfg = Debug|Any CPU
		{8F6A3404-F5F8-46CE-8373-7E7027BF669F}.Debug|Any CPU.Build.0 = Debug|Any CPU
		{8F6A3404-F5F8-46CE-8373-7E7027BF669F}.Release|Any CPU.ActiveCfg = Release|Any CPU
		{8F6A3404-F5F8-46CE-8373-7E7027BF669F}.Release|Any CPU.Build.0 = Release|Any CPU
		{A5538633-F090-489D-9002-EAF8175AF816}.Debug|Any CPU.ActiveCfg = Debug|Any CPU
		{A5538633-F090-489D-9002-EAF8175AF816}.Debug|Any CPU.Build.0 = Debug|Any CPU
		{A5538633-F090-489D-9002-EAF8175AF816}.Release|Any CPU.ActiveCfg = Release|Any CPU
		{A5538633-F090-489D-9002-EAF8175AF816}.Release|Any CPU.Build.0 = Release|Any CPU
	EndGlobalSection
	GlobalSection(SolutionProperties) = preSolution
		HideSolutionNode = FALSE
	EndGlobalSection
	GlobalSection(ExtensibilityGlobals) = postSolution
		SolutionGuid = {BA648E5D-421B-4DA8-AFA3-2D1EAD359DAB}
	EndGlobalSection
EndGlobal
